
Microsoft Visual Studio Solution File, Format Version 12.00
# Visual Studio Version 17
VisualStudioVersion = 17.3.32811.315
MinimumVisualStudioVersion = 10.0.40219.1
Project("{FAE04EC0-301F-11D3-BF4B-00C04F79EFBC}") = "Blackjack21an", "Blackjack21an\Blackjack21an.csproj", "{73DFB6DF-63D0-4347-BCB2-2447E9A92D40}"
EndProject
Global
	GlobalSection(SolutionConfigurationPlatforms) = preSolution
		Debug|Any CPU = Debug|Any CPU
		Release|Any CPU = Release|Any CPU
	EndGlobalSection
	GlobalSection(ProjectConfigurationPlatforms) = postSolution
		{73DFB6DF-63D0-4347-BCB2-2447E9A92D40}.Debug|Any CPU.ActiveCfg = Debug|Any CPU
		{73DFB6DF-63D0-4347-BCB2-2447E9A92D40}.Debug|Any CPU.Build.0 = Debug|Any CPU
		{73DFB6DF-63D0-4347-BCB2-2447E9A92D40}.Release|Any CPU.ActiveCfg = Release|Any CPU
		{73DFB6DF-63D0-4347-BCB2-2447E9A92D40}.Release|Any CPU.Build.0 = Release|Any CPU
	EndGlobalSection
	GlobalSection(SolutionProperties) = preSolution
		HideSolutionNode = FALSE
	EndGlobalSection
	GlobalSection(ExtensibilityGlobals) = postSolution
		SolutionGuid = {00317276-1F32-4A18-8758-095CCAE55118}
	EndGlobalSection
EndGlobal
